
Microsoft Visual Studio Solution File, Format Version 11.00
# Visual Studio 2010
Project("{FAE04EC0-301F-11D3-BF4B-00C04F79EFBC}") = "Tony Birb", "Assembly-CSharp.csproj", "{ECA89CCE-57C5-63A4-E8CE-29302D047829}"
EndProject
Project("{FAE04EC0-301F-11D3-BF4B-00C04F79EFBC}") = "Tony Birb", "Assembly-CSharp-Editor.csproj", "{779B5F15-7F42-8E8E-0AFA-AD0937B846E1}"
EndProject
Global
	GlobalSection(SolutionConfigurationPlatforms) = preSolution
		Debug|Any CPU = Debug|Any CPU
		Release|Any CPU = Release|Any CPU
	EndGlobalSection
	GlobalSection(ProjectConfigurationPlatforms) = postSolution
		{ECA89CCE-57C5-63A4-E8CE-29302D047829}.Debug|Any CPU.ActiveCfg = Debug|Any CPU
		{ECA89CCE-57C5-63A4-E8CE-29302D047829}.Debug|Any CPU.Build.0 = Debug|Any CPU
		{ECA89CCE-57C5-63A4-E8CE-29302D047829}.Release|Any CPU.ActiveCfg = Release|Any CPU
		{ECA89CCE-57C5-63A4-E8CE-29302D047829}.Release|Any CPU.Build.0 = Release|Any CPU
		{779B5F15-7F42-8E8E-0AFA-AD0937B846E1}.Debug|Any CPU.ActiveCfg = Debug|Any CPU
		{779B5F15-7F42-8E8E-0AFA-AD0937B846E1}.Debug|Any CPU.Build.0 = Debug|Any CPU
		{779B5F15-7F42-8E8E-0AFA-AD0937B846E1}.Release|Any CPU.ActiveCfg = Release|Any CPU
		{779B5F15-7F42-8E8E-0AFA-AD0937B846E1}.Release|Any CPU.Build.0 = Release|Any CPU
	EndGlobalSection
	GlobalSection(SolutionProperties) = preSolution
		HideSolutionNode = FALSE
	EndGlobalSection
	GlobalSection(MonoDevelopProperties) = preSolution
		StartupItem = Assembly-CSharp.csproj
	EndGlobalSection
EndGlobal
